{"hash":"bf39d1807ecf0cbf22d6c046d5353543","packages":[{"package":"sonata\/jquery-bundle","version":"master-dev"},{"package":"jms\/cg","version":"1.0.0"},{"package":"doctrine\/mongodb","version":"master-dev"},{"package":"sonata\/admin-bundle","version":"master-dev"},{"package":"knplabs\/gaufrette","version":"master-dev"},{"package":"jms\/serializer-bundle","version":"master-dev"},{"package":"jms\/metadata","version":"1.1.1"},{"package":"jms\/aop-bundle","version":"1.0.0"},{"package":"kriswallsmith\/assetic","version":"master-dev"},{"package":"doctrine\/mongodb-odm","version":"master-dev"},{"package":"doctrine\/common","version":"master-dev"},{"package":"doctrine\/dbal","version":"master-dev"},{"package":"vespolina\/monetary-bundle","version":"master-dev"},{"package":"vespolina\/ecommerce-flows-bundle","version":"master-dev"},{"package":"vespolina\/workflow-bundle","version":"master-dev"},{"package":"vespolina\/taxation-bundle","version":"master-dev"},{"package":"vespolina\/merchandise-bundle","version":"master-dev"},{"package":"vespolina\/fulfillment-bundle","version":"master-dev"},{"package":"vespolina\/customer-bundle","version":"master-dev"},{"package":"vespolina\/order-bundle","version":"master-dev"},{"package":"vespolina\/taxonomy-bundle","version":"master-dev"},{"package":"vespolina\/inventory-bundle","version":"master-dev"},{"package":"vespolina\/cart-bundle","version":"master-dev"},{"package":"vespolina\/product-bundle","version":"master-dev"},{"package":"vespolina\/checkout-bundle","version":"master-dev"},{"package":"vespolina\/store-bundle","version":"master-dev"},{"package":"vespolina\/pricing-bundle","version":"master-dev"},{"package":"sonata\/easy-extends-bundle","version":"master-dev"},{"package":"jms\/debugging-bundle","version":"master-dev"},{"package":"doctrine\/doctrine-workflow","version":"master-dev"},{"package":"swiftmailer\/swiftmailer","version":"4.1.6-dev"},{"package":"zend\/zf2","version":"master-dev"},{"package":"sonata\/doctrine-orm-admin-bundle","version":"master-dev"},{"package":"mopa\/bootstrap-bundle","version":"0.5"},{"package":"imagine\/Imagine","version":"master-dev"},{"package":"knplabs\/knp-gaufrette-bundle","version":"master-dev"},{"package":"knplabs\/knp-menu-bundle","version":"master-dev"},{"package":"behat\/gherkin","version":"master-dev"},{"package":"behat\/mink-bundle","version":"master-dev"},{"package":"behat\/behat-bundle","version":"master-dev"},{"package":"behat\/sahi-client","version":"master-dev"},{"package":"friendsofsymfony\/user-bundle","version":"master-dev"},{"package":"friendsofsymfony\/rest-bundle","version":"master-dev"},{"package":"jms\/security-extra-bundle","version":"master-dev"},{"package":"sensio\/generator-bundle","version":"master-dev"},{"package":"sensio\/distribution-bundle","version":"master-dev"},{"package":"sensio\/framework-extra-bundle","version":"master-dev"},{"package":"symfony\/assetic-bundle","version":"master-dev"},{"package":"doctrine\/mongodb-odm-bundle","version":"master-dev"},{"package":"doctrine\/doctrine-fixtures-bundle","version":"master-dev"},{"package":"doctrine\/doctrine-bundle","version":"master-dev"},{"package":"doctrine\/data-fixtures","version":"master-dev"},{"package":"doctrine\/orm","version":"master-dev"},{"package":"twig\/extensions","version":"master-dev"},{"package":"symfony\/symfony","version":"2.1.0-dev"}]}