{
    "hash": "19f115c115c60746a683f621677d3b22",
    "packages": [
        {
            "package": "doctrine\/dbal",
            "version": "master-dev"
        },
        {
            "package": "doctrine\/doctrine-workflow",
            "version": "master-dev"
        },
        {
            "package": "vespolina\/monetary-bundle",
            "version": "master-dev"
        },
        {
            "package": "vespolina\/ecommerce-flows-bundle",
            "version": "master-dev"
        },
        {
            "package": "vespolina\/workflow-bundle",
            "version": "master-dev"
        },
        {
            "package": "vespolina\/taxation-bundle",
            "version": "master-dev"
        },
        {
            "package": "vespolina\/fulfillment-bundle",
            "version": "master-dev"
        },
        {
            "package": "vespolina\/customer-bundle",
            "version": "master-dev"
        },
        {
            "package": "vespolina\/order-bundle",
            "version": "master-dev"
        },
        {
            "package": "vespolina\/taxonomy-bundle",
            "version": "master-dev"
        },
        {
            "package": "vespolina\/inventory-bundle",
            "version": "master-dev"
        },
        {
            "package": "vespolina\/cart-bundle",
            "version": "master-dev"
        },
        {
            "package": "vespolina\/product-bundle",
            "version": "master-dev"
        },
        {
            "package": "vespolina\/checkout-bundle",
            "version": "master-dev"
        },
        {
            "package": "vespolina\/store-bundle",
            "version": "master-dev"
        },
        {
            "package": "vespolina\/pricing-bundle",
            "version": "master-dev"
        },
        {
            "package": "twig\/twig",
            "version": "1.5.1"
        },
        {
            "package": "swiftmailer\/swiftmailer",
            "version": "4.1.5"
        },
        {
            "package": "mopa\/bootstrap-bundle",
            "version": "master-dev"
        },
        {
            "package": "monolog\/monolog",
            "version": "master-dev"
        },
        {
            "package": "imagine\/Imagine",
            "version": "v0.2.8"
        },
        {
            "package": "knplabs\/knp-gaufrette-bundle",
            "version": "master-dev"
        },
        {
            "package": "knplabs\/knp-menu-bundle",
            "version": "master-dev"
        },
        {
            "package": "knplabs\/knp-menu",
            "version": "master-dev"
        },
        {
            "package": "friendsofsymfony\/user-bundle",
            "version": "1.1.0"
        },
        {
            "package": "friendsofsymfony\/rest-bundle",
            "version": "master-dev"
        },
        {
            "package": "jms\/serializer-bundle",
            "version": "master-dev"
        },
        {
            "package": "jms\/security-extra-bundle",
            "version": "1.1.0"
        },
        {
            "package": "jms\/metadata",
            "version": "1.1.1"
        },
        {
            "package": "sensio\/generator-bundle",
            "version": "master-dev"
        },
        {
            "package": "sensio\/distribution-bundle",
            "version": "master-dev"
        },
        {
            "package": "sensio\/framework-extra-bundle",
            "version": "master-dev"
        },
        {
            "package": "symfony\/assetic-bundle",
            "version": "2.0-dev"
        },
        {
            "package": "doctrine\/mongodb-odm-bundle",
            "version": "master-dev"
        },
        {
            "package": "doctrine\/mongodb-odm",
            "version": "master-dev"
        },
        {
            "package": "doctrine\/mongodb",
            "version": "master-dev"
        },
        {
            "package": "doctrine\/dbal",
            "version": "2.1.5"
        },
        {
            "package": "doctrine\/data-fixtures",
            "version": "master-dev"
        },
        {
            "package": "doctrine\/orm",
            "version": "master-dev"
        },
        {
            "package": "doctrine\/common",
            "version": "master-dev"
        },
        {
            "package": "doctrine\/doctrine-bundle",
            "version": "master-dev"
        },
        {
            "package": "doctrine\/doctrine-fixtures-bundle",
            "version": "master-dev"
        },
        {
            "package": "twig\/extensions",
            "version": "master-dev"
        },
        {
            "package": "symfony\/symfony",
            "version": "2.1.0-dev"
        },
        {
            "package": "kriswallsmith\/assetic",
            "version": "master-dev"
        }
    ]
}