{
    "hash": "dfb2c2c4860f8dae8ee0528246d5358c",
    "packages": [
        {
            "package": "doctrine/common",
            "version": "2.2.2"
        },
        {
            "package": "doctrine/data-fixtures",
            "version": "dev-master",
            "source-reference": "64538135ef2b17a296e26f88a04c7ce2e4551459"
        },
        {
            "package": "doctrine/dbal",
            "version": "2.2.2"
        },
        {
            "package": "doctrine/doctrine-bundle",
            "version": "dev-master",
            "source-reference": "9b4dd7398cbc4d2dfe04eefc3c0451f1e13e141c"
        },
        {
            "package": "doctrine/doctrine-bundle",
            "version": "dev-master",
            "alias-pretty-version": "1.0.x-dev",
            "alias-version": "1.0.9999999.9999999-dev"
        },
        {
            "package": "doctrine/doctrine-fixtures-bundle",
            "version": "dev-master",
            "source-reference": "45db22f6d0a0ff0d2f26e3154458c1e62d163921"
        },
        {
            "package": "doctrine/mongodb",
            "version": "dev-master",
            "source-reference": "b8c1b54b870c4fecc87d4daae44b34c262b0e6f8"
        },
        {
            "package": "doctrine/mongodb-odm",
            "version": "dev-master",
            "source-reference": "0c5dbf6d4846940f9d87e33349045d5bb7f3bc62"
        },
        {
            "package": "doctrine/mongodb-odm-bundle",
            "version": "dev-master",
            "source-reference": "837477603f35c2b59bf97765d766feab3432dd98"
        },
        {
            "package": "doctrine/orm",
            "version": "2.2.0"
        },
        {
            "package": "friendsofsymfony/rest",
            "version": "dev-master",
            "alias-pretty-version": "0.7.x-dev",
            "alias-version": "0.7.9999999.9999999-dev"
        },
        {
            "package": "friendsofsymfony/rest",
            "version": "dev-master",
            "source-reference": "5ea703f5a3f5c7110cadeccb91b212c0eb7ea2d0"
        },
        {
            "package": "friendsofsymfony/rest-bundle",
            "version": "dev-master",
            "source-reference": "f279c12d1e375fc3a63255589b5959015238607b"
        },
        {
            "package": "friendsofsymfony/user-bundle",
            "version": "dev-master",
            "source-reference": "0363e2389055acf3619b28b5a6c401a4aa5b838b"
        },
        {
            "package": "imagine/Imagine",
            "version": "dev-master",
            "source-reference": "v0.2.8"
        },
        {
            "package": "jms/aop-bundle",
            "version": "1.0.0"
        },
        {
            "package": "jms/cg",
            "version": "1.0.0"
        },
        {
            "package": "jms/metadata",
            "version": "1.1.1"
        },
        {
            "package": "jms/security-extra-bundle",
            "version": "dev-master",
            "source-reference": "364e94b858bf5ea9629edf6c204374ff1baa9871"
        },
        {
            "package": "jms/serializer-bundle",
            "version": "dev-master",
            "alias-pretty-version": "0.9.x-dev",
            "alias-version": "0.9.9999999.9999999-dev"
        },
        {
            "package": "jms/serializer-bundle",
            "version": "dev-master",
            "source-reference": "801132b68520b2b1f826a50e4eb12a31e1463303"
        },
        {
            "package": "knplabs/knp-components",
            "version": "dev-master",
            "source-reference": "99ea408dc2a7c3616e688ffe67e3248ece69ff0e"
        },
        {
            "package": "knplabs/knp-paginator-bundle",
            "version": "dev-master",
            "source-reference": "427db8350ae57659645ba35480bbe1194c1c695f"
        },
        {
            "package": "kriswallsmith/assetic",
            "version": "dev-master",
            "alias-pretty-version": "1.1.x-dev",
            "alias-version": "1.1.9999999.9999999-dev"
        },
        {
            "package": "kriswallsmith/assetic",
            "version": "dev-master",
            "source-reference": "d6f89a3170c5280ad554347dc113eb25fdf00ad7"
        },
        {
            "package": "monolog/monolog",
            "version": "1.1.0"
        },
        {
            "package": "mopa/bootstrap-bundle",
            "version": "dev-master",
            "source-reference": "56b2a28aa094acef83a0a70951e3a2a9e9307ded"
        },
        {
            "package": "mopa/composer-bridge",
            "version": "dev-master",
            "source-reference": "84b8bf537163b4470f14d02554a0e9eb5d300172"
        },
        {
            "package": "sensio/distribution-bundle",
            "version": "dev-master",
            "source-reference": "f3515e702f9cae8e727d982557dca8de82dd12c5"
        },
        {
            "package": "sensio/framework-extra-bundle",
            "version": "dev-master",
            "source-reference": "b9f630e35059f661a59ec4e0f5505b067fed4e55"
        },
        {
            "package": "sensio/framework-extra-bundle",
            "version": "dev-master",
            "alias-pretty-version": "2.1.x-dev",
            "alias-version": "2.1.9999999.9999999-dev"
        },
        {
            "package": "sensio/generator-bundle",
            "version": "dev-master",
            "source-reference": "43ed45c48db18e4a0e48aec0c098f42e56e22d36"
        },
        {
            "package": "swiftmailer/swiftmailer",
            "version": "v4.1.8"
        },
        {
            "package": "symfony/assetic-bundle",
            "version": "dev-master",
            "source-reference": "8fe7b898b08103c1d6fce64c3e279a7afd61adfc"
        },
        {
            "package": "symfony/monolog-bundle",
            "version": "dev-master",
            "source-reference": "660a1aeaf93e8ffdc34c27b3a82dc47195ad1d8d"
        },
        {
            "package": "symfony/swiftmailer-bundle",
            "version": "dev-master",
            "source-reference": "v2.1.0-BETA1"
        },
        {
            "package": "symfony/symfony",
            "version": "dev-master",
            "alias-pretty-version": "2.1.x-dev",
            "alias-version": "2.1.9999999.9999999-dev"
        },
        {
            "package": "symfony/symfony",
            "version": "dev-master",
            "source-reference": "8ebe624b82dc9f91231ec2a4361468579495cdd8"
        },
        {
            "package": "twig/extensions",
            "version": "dev-master",
            "source-reference": "feb6d3f10c411e2631997c0a905aa581c80305c1"
        },
        {
            "package": "twig/twig",
            "version": "dev-master",
            "alias-pretty-version": "1.8.x-dev",
            "alias-version": "1.8.9999999.9999999-dev"
        },
        {
            "package": "twig/twig",
            "version": "dev-master",
            "source-reference": "73da773aaad0f97f2e967ec8241b8adf7b1e03d2"
        },
        {
            "package": "twitter/bootstrap",
            "version": "master",
            "source-reference": "master"
        },
        {
            "package": "vespolina/admin-bundle",
            "version": "dev-master",
            "source-reference": "e9be0d228545450124bfc96667ce004b6a9565f0"
        },
        {
            "package": "vespolina/cart-bundle",
            "version": "dev-master",
            "source-reference": "85a02a793307aeb2dfe8b85575ab466573916256"
        },
        {
            "package": "vespolina/checkout-bundle",
            "version": "dev-master",
            "source-reference": "63fe3bab2b7d74a121a3ca17ba593c8967bb168d"
        },
        {
            "package": "vespolina/core",
            "version": "dev-master",
            "source-reference": "34834e0dedc32bd17f2d6de4a2cb683676a3b170"
        },
        {
            "package": "vespolina/ecommerce-flows-bundle",
            "version": "dev-master",
            "source-reference": "7b4fc8b128dd821efef7df2a4565ed83286dad73"
        },
        {
            "package": "vespolina/fulfillment-bundle",
            "version": "dev-master",
            "source-reference": "8c87609c8e5f733aa714f049aedc23f795aa1a59"
        },
        {
            "package": "vespolina/inventory-bundle",
            "version": "dev-master",
            "source-reference": "f256dd85226eda6ebadfdd841ab36e3dadb5519c"
        },
        {
            "package": "vespolina/merchandise-bundle",
            "version": "dev-master",
            "source-reference": "7085c514830bfe0b766687659d909f6a6cc9b726"
        },
        {
            "package": "vespolina/monetary-bundle",
            "version": "dev-master",
            "source-reference": "45ddb97d73496ded824b5e45a3cc952bf9ec10e3"
        },
        {
            "package": "vespolina/order-bundle",
            "version": "dev-master",
            "source-reference": "c7ad6b54f0d5b12eac0de115b64ddd42ce61a2f3"
        },
        {
            "package": "vespolina/partner-bundle",
            "version": "dev-master",
            "source-reference": "4bc50147e707f1fb5d637fe2e60412ac01775124"
        },
        {
            "package": "vespolina/pricing-bundle",
            "version": "dev-master",
            "source-reference": "1c99accbff12f06409e80c6b78206793ff3ea4df"
        },
        {
            "package": "vespolina/product-bundle",
            "version": "dev-master",
            "source-reference": "240bbaf248fb19b0d86e0042db132ff7450101e8"
        },
        {
            "package": "vespolina/store-bundle",
            "version": "dev-master",
            "source-reference": "a9ae37716654658209c98d562b979fa673648939"
        },
        {
            "package": "vespolina/taxation-bundle",
            "version": "dev-master",
            "source-reference": "5bf8e19d9b03ee06b529b2daa20fdcd646fed714"
        },
        {
            "package": "vespolina/taxonomy-bundle",
            "version": "dev-master",
            "source-reference": "070bdc98f5c7bb4deb5a629e96aca533dbab5778"
        }
    ],
    "packages-dev": null,
    "aliases": [

    ],
    "minimum-stability": "dev",
    "stability-flags": {
        "doctrine/data-fixtures": 20,
        "doctrine/doctrine-bundle": 20,
        "doctrine/doctrine-fixtures-bundle": 20,
        "doctrine/mongodb": 20,
        "doctrine/mongodb-odm": 20,
        "doctrine/mongodb-odm-bundle": 20,
        "friendsofsymfony/rest": 20,
        "friendsofsymfony/rest-bundle": 20,
        "friendsofsymfony/user-bundle": 20,
        "imagine/imagine": 20,
        "jms/security-extra-bundle": 20,
        "jms/serializer-bundle": 20,
        "mopa/bootstrap-bundle": 20,
        "sensio/distribution-bundle": 20,
        "sensio/framework-extra-bundle": 20,
        "sensio/generator-bundle": 20,
        "symfony/assetic-bundle": 20,
        "symfony/monolog-bundle": 20,
        "symfony/swiftmailer-bundle": 20,
        "twig/extensions": 20
    }
}
