symfony 1a5e0acd027da41841e12f2d29ae026efbdcb6b6
twig 86214c460186e23c273979bdc2787474eff039e4
monolog b704c49a3051536f67f2d39f13568f74615b9922
doctrine-common 2e930c38a0ef948f191f5f5e47723befdf647448
doctrine-dbal 4a62347d0cf9e1d5096bf201b23b331789cacc80
doctrine ef33454301a5fdd5579a04968a4f56b48d25d844
swiftmailer 8c3165691e36302405926abbae7526549db8b899
assetic f829ad23d23c87480151a21faad49fefe7c09e5d
twig-extensions 3076c971976e1baaf86e5820c7a1da3f5c1c14eb
metadata 30c622cad82e39a6856b981a9bfb9df06b3cc067
SensioFrameworkExtraBundle 02d973b55a35b9578e1a20d4537213b24db687cf
JMSSecurityExtraBundle b8b7eb294ed83d83ca7260ac018e701f08003538
SensioDistributionBundle 64ae64795c794e34d964a67e76f0584444189fc2
SensioGeneratorBundle c6af9719ae9e81fa4e086f40697d35e7090921cc
AsseticBundle 41b5913b5086a0909af92adcb4a6005ee0051b16
doctrine-fixtures 3ef3f667cc7a4552beee2fc4abefd4da1a43557c
DoctrineFixturesBundle a66be2f077f3a4e5c3801b356b42b8782f1abbd6
FOSUserBundle 7688e1edb2ec645b0ca3c060df1cb2073bf1c9cc
doctrine-mongodb f3bc6e55de215d3c2f924319cba6c6f8aba4123c
doctrine-mongodb-odm a670010d044ac77dd65b24bda24d555bb1a5b5cd
DoctrineMongoDBBundle 43d555227e3a2d6962b68ad717de78b3628cf484
doctrine-workflow 0a625fb7e9fe362db5f2fc7c24ed3252f9834bff
JMSDebuggingBundle b238ed631527e5f34d5993ef84caa6a5383be554
SonataEasyExtendsBundle 9199ef0656bcc59a3760f81c38267adf1fd73198
VespolinaCoreBundle 552d1b56447725f4e34414bf0684480a9dcf7733
VespolinaOrderBundle f74b1d895d507f06a7ed177c2da159c035cdd2f9
VespolinaMonetaryBundle 8f295f294aa1cc8575ea4b222d6006a5d68c17cf
VespolinaWorkflowBundle 08593ddc9dde0b913f8c66dfb7d2760c7438fcd0
VespolinaCartBundle bd3d27153fd7f1c8a4c5127307971c929bb145d1
VespolinaEcommerceFlowsBundle 05e00c28dc87d0ed7984a0bb84b6ad4acee11bb4
VespolinaMerchandiseBundle d4eb5b1a4529f61add863b7979e94d5e0bd185a1
VespolinaPricingBundle 9d41748b3df24b21b1b47a74f1450dc0689abf28
VespolinaProductBundle 116e70a5cfb29515a3cc0c9af00b1e78b96fdce6
VespolinaTaxationBundle c24d8b57c7718380cec92d8a2e3660c938f07813
VespolinaCustomerBundle e0c72d341ef89d587f38d9ed6df0239f13a946fa
VespolinaInventoryBundle b5cf75ff68253fc26bb45196fa7906d145b60220
VespolinaFulfillmentBundle 2c65383bc068ed940eb76cc9399999598b07495b
buzz d3336be9aaf1b5af9b333aee2ec8d930f743856f
SahiClient fe8a66ef3162fa783fc0ad8d49d5f3b59a4682da
MinkBundle 7eb016464704d08938a6f1076f4611e43ffdea65
Mink 904514e627913e05f012803af540d9d55830d417
BehatBundle 7c33743688e5d679c39bec6d07b2bab0acb23574
Gherkin 2444417778a47cfef05532511e96188fc49be3b5
Behat ffec3e6f2bc4f94a3b3a953fed58d76902b08e59
zend 4f3c989efd04f07c78415192b0dee3c867e02199