symfony 6924e63587466c865ca8dc746ff3fcf5cd1a1dcf
twig b2149e7955c78f4914935f0bc3f02bb6c96946f2
monolog b704c49a3051536f67f2d39f13568f74615b9922
doctrine-common 282ce0ee6912b75c923f35ece1d12d059d5145c1
doctrine-dbal 4a62347d0cf9e1d5096bf201b23b331789cacc80
doctrine 2642daa43851878688d01625f272ff5874cac7b2
swiftmailer 8c3165691e36302405926abbae7526549db8b899
assetic f829ad23d23c87480151a21faad49fefe7c09e5d
twig-extensions 3076c971976e1baaf86e5820c7a1da3f5c1c14eb
metadata 30c622cad82e39a6856b981a9bfb9df06b3cc067
SensioFrameworkExtraBundle 02d973b55a35b9578e1a20d4537213b24db687cf
JMSSecurityExtraBundle b8b7eb294ed83d83ca7260ac018e701f08003538
JMSSerializerBundle a1fbc4b0e689eaa94bb3f075f474d54e3c717d7a
SensioDistributionBundle 64ae64795c794e34d964a67e76f0584444189fc2
SensioGeneratorBundle c6af9719ae9e81fa4e086f40697d35e7090921cc
AsseticBundle 41b5913b5086a0909af92adcb4a6005ee0051b16
doctrine-fixtures cb562b44e74d67cc56022ebd7c4e741294f434d2
DoctrineFixturesBundle a66be2f077f3a4e5c3801b356b42b8782f1abbd6
FOSRestBundle 7d376290f7464c61058cf0eed71c51b69f94aca4
FOSUserBundle 0d62237e6679f0d67d64802226727b852b3b8ed8
doctrine-mongodb f3bc6e55de215d3c2f924319cba6c6f8aba4123c
doctrine-mongodb-odm d36765c462a811276e6d3356a1afa2e67b5906b4
DoctrineMongoDBBundle 43d555227e3a2d6962b68ad717de78b3628cf484
doctrine-workflow 0a625fb7e9fe362db5f2fc7c24ed3252f9834bff
JMSDebuggingBundle b238ed631527e5f34d5993ef84caa6a5383be554
SonataEasyExtendsBundle 9199ef0656bcc59a3760f81c38267adf1fd73198
buzz d3336be9aaf1b5af9b333aee2ec8d930f743856f
SahiClient fe8a66ef3162fa783fc0ad8d49d5f3b59a4682da
MinkBundle 7eb016464704d08938a6f1076f4611e43ffdea65
Mink 5ece94bd2cc5ba7a32c04fdc24f5decb0e058b5a
BehatBundle 7c33743688e5d679c39bec6d07b2bab0acb23574
Gherkin 31c74cb8dea750d81a3a6692bf5daacd3b9cc1e3
Behat ffec3e6f2bc4f94a3b3a953fed58d76902b08e59
zend dc5c7d6feca8f15b467e66f74ec4cfc454f84750
MopaBootstrapBundle 8df729a564238786856b8d9305442b5c2030eb2e
SonataMediaBundle 3c21b0efa796be8fa92e2e2e782ad76fed24f5bf
SonataAdminBundle bd9c8617880a575c4fe9b949db3dbe6c17078bd5
SonataDoctrineORMAdminBundle a4259fc5304dd06a04b2038ea39b92fef6c7145a
Imagine 9544ec40b628ca3a1ddbe57f79ed02f6bd2b2b8b
Gaufrette baf16a54d13c8fa82489f77ed315bb0c5b262fc5
KnpMenu 70764d2d3d47ebcdd7d8ec274d7089fdd7e1342d
MenuBundle a5fbd817e2e5e2d698b848ec430e14284cc94488